
Microsoft Visual Studio Solution File, Format Version 12.00
# Visual Studio Version 17
VisualStudioVersion = 17.1.32328.378
MinimumVisualStudioVersion = 10.0.40219.1
Project("{9A19103F-16F7-4668-BE54-9A1E7A4F7556}") = "WoAutoCollectionPlugin", "WoAutoCollectionPlugin\WoAutoCollectionPlugin.csproj", "{13C812E9-0D42-4B95-8646-40EEBF30636F}"
EndProject
Project("{2150E333-8FDC-42A3-9474-1A3956D46DE8}") = "Solution Items", "Solution Items", "{41410774-863B-447D-A534-9BE202D7BFD2}"
	ProjectSection(SolutionItems) = preProject
		.editorconfig = .editorconfig
	EndProjectSection
EndProject
Project("{2150E333-8FDC-42A3-9474-1A3956D46DE8}") = "Dependencies", "Dependencies", "{8F4EF3B4-89A4-45BE-967F-5B9EBA35CB4C}"
EndProject
Project("{9A19103F-16F7-4668-BE54-9A1E7A4F7556}") = "FFXIVClientStructs", "lib\FFXIVClientStructs\FFXIVClientStructs\FFXIVClientStructs.csproj", "{1157135B-47C0-4F16-820B-FB813CF1A749}"
EndProject
Project("{9A19103F-16F7-4668-BE54-9A1E7A4F7556}") = "FFXIVClientStructs.Generators", "lib\FFXIVClientStructs\FFXIVClientStructs.Generators\FFXIVClientStructs.Generators.csproj", "{5828AD3D-986A-4314-97C4-2B06ADFD4817}"
EndProject
Project("{9A19103F-16F7-4668-BE54-9A1E7A4F7556}") = "ClickLib", "lib\ClickLib\ClickLib\ClickLib.csproj", "{0C77AED7-9ECE-4FB2-B0B4-8B8704100A09}"
EndProject
Global
	GlobalSection(SolutionConfigurationPlatforms) = preSolution
		Debug|Any CPU = Debug|Any CPU
		Debug|x64 = Debug|x64
		Release|Any CPU = Release|Any CPU
		Release|x64 = Release|x64
	EndGlobalSection
	GlobalSection(ProjectConfigurationPlatforms) = postSolution
		{13C812E9-0D42-4B95-8646-40EEBF30636F}.Debug|Any CPU.ActiveCfg = Debug|x64
		{13C812E9-0D42-4B95-8646-40EEBF30636F}.Debug|Any CPU.Build.0 = Debug|x64
		{13C812E9-0D42-4B95-8646-40EEBF30636F}.Debug|x64.ActiveCfg = Debug|x64
		{13C812E9-0D42-4B95-8646-40EEBF30636F}.Debug|x64.Build.0 = Debug|x64
		{13C812E9-0D42-4B95-8646-40EEBF30636F}.Release|Any CPU.ActiveCfg = Release|x64
		{13C812E9-0D42-4B95-8646-40EEBF30636F}.Release|Any CPU.Build.0 = Release|x64
		{13C812E9-0D42-4B95-8646-40EEBF30636F}.Release|x64.ActiveCfg = Release|x64
		{13C812E9-0D42-4B95-8646-40EEBF30636F}.Release|x64.Build.0 = Release|x64
		{1157135B-47C0-4F16-820B-FB813CF1A749}.Debug|Any CPU.ActiveCfg = Debug|Any CPU
		{1157135B-47C0-4F16-820B-FB813CF1A749}.Debug|Any CPU.Build.0 = Debug|Any CPU
		{1157135B-47C0-4F16-820B-FB813CF1A749}.Debug|x64.ActiveCfg = Debug|Any CPU
		{1157135B-47C0-4F16-820B-FB813CF1A749}.Debug|x64.Build.0 = Debug|Any CPU
		{1157135B-47C0-4F16-820B-FB813CF1A749}.Release|Any CPU.ActiveCfg = Release|Any CPU
		{1157135B-47C0-4F16-820B-FB813CF1A749}.Release|Any CPU.Build.0 = Release|Any CPU
		{1157135B-47C0-4F16-820B-FB813CF1A749}.Release|x64.ActiveCfg = Release|Any CPU
		{1157135B-47C0-4F16-820B-FB813CF1A749}.Release|x64.Build.0 = Release|Any CPU
		{5828AD3D-986A-4314-97C4-2B06ADFD4817}.Debug|Any CPU.ActiveCfg = Debug|Any CPU
		{5828AD3D-986A-4314-97C4-2B06ADFD4817}.Debug|Any CPU.Build.0 = Debug|Any CPU
		{5828AD3D-986A-4314-97C4-2B06ADFD4817}.Debug|x64.ActiveCfg = Debug|Any CPU
		{5828AD3D-986A-4314-97C4-2B06ADFD4817}.Debug|x64.Build.0 = Debug|Any CPU
		{5828AD3D-986A-4314-97C4-2B06ADFD4817}.Release|Any CPU.ActiveCfg = Release|Any CPU
		{5828AD3D-986A-4314-97C4-2B06ADFD4817}.Release|Any CPU.Build.0 = Release|Any CPU
		{5828AD3D-986A-4314-97C4-2B06ADFD4817}.Release|x64.ActiveCfg = Release|Any CPU
		{5828AD3D-986A-4314-97C4-2B06ADFD4817}.Release|x64.Build.0 = Release|Any CPU
		{0C77AED7-9ECE-4FB2-B0B4-8B8704100A09}.Debug|Any CPU.ActiveCfg = Debug|x64
		{0C77AED7-9ECE-4FB2-B0B4-8B8704100A09}.Debug|Any CPU.Build.0 = Debug|x64
		{0C77AED7-9ECE-4FB2-B0B4-8B8704100A09}.Debug|x64.ActiveCfg = Debug|x64
		{0C77AED7-9ECE-4FB2-B0B4-8B8704100A09}.Debug|x64.Build.0 = Debug|x64
		{0C77AED7-9ECE-4FB2-B0B4-8B8704100A09}.Release|Any CPU.ActiveCfg = Release|x64
		{0C77AED7-9ECE-4FB2-B0B4-8B8704100A09}.Release|Any CPU.Build.0 = Release|x64
		{0C77AED7-9ECE-4FB2-B0B4-8B8704100A09}.Release|x64.ActiveCfg = Release|x64
		{0C77AED7-9ECE-4FB2-B0B4-8B8704100A09}.Release|x64.Build.0 = Release|x64
	EndGlobalSection
	GlobalSection(SolutionProperties) = preSolution
		HideSolutionNode = FALSE
	EndGlobalSection
	GlobalSection(NestedProjects) = preSolution
		{1157135B-47C0-4F16-820B-FB813CF1A749} = {8F4EF3B4-89A4-45BE-967F-5B9EBA35CB4C}
		{5828AD3D-986A-4314-97C4-2B06ADFD4817} = {8F4EF3B4-89A4-45BE-967F-5B9EBA35CB4C}
		{0C77AED7-9ECE-4FB2-B0B4-8B8704100A09} = {8F4EF3B4-89A4-45BE-967F-5B9EBA35CB4C}
	EndGlobalSection
	GlobalSection(ExtensibilityGlobals) = postSolution
		SolutionGuid = {B17E85B1-5F60-4440-9F9A-3DDE877E8CDF}
	EndGlobalSection
EndGlobal
